
Microsoft Visual Studio Solution File, Format Version 12.00
# Visual Studio Version 17
VisualStudioVersion = 17.2.32616.157
MinimumVisualStudioVersion = 10.0.40219.1
Project("{FAE04EC0-301F-11D3-BF4B-00C04F79EFBC}") = "Car Class Exercise", "Car Class Exercise\Car Class Exercise.csproj", "{EAA9CFF2-BC0E-4B0A-AF1F-FDC91F226E8A}"
EndProject
Global
	GlobalSection(SolutionConfigurationPlatforms) = preSolution
		Debug|Any CPU = Debug|Any CPU
		Release|Any CPU = Release|Any CPU
	EndGlobalSection
	GlobalSection(ProjectConfigurationPlatforms) = postSolution
		{EAA9CFF2-BC0E-4B0A-AF1F-FDC91F226E8A}.Debug|Any CPU.ActiveCfg = Debug|Any CPU
		{EAA9CFF2-BC0E-4B0A-AF1F-FDC91F226E8A}.Debug|Any CPU.Build.0 = Debug|Any CPU
		{EAA9CFF2-BC0E-4B0A-AF1F-FDC91F226E8A}.Release|Any CPU.ActiveCfg = Release|Any CPU
		{EAA9CFF2-BC0E-4B0A-AF1F-FDC91F226E8A}.Release|Any CPU.Build.0 = Release|Any CPU
	EndGlobalSection
	GlobalSection(SolutionProperties) = preSolution
		HideSolutionNode = FALSE
	EndGlobalSection
	GlobalSection(ExtensibilityGlobals) = postSolution
		SolutionGuid = {CE4004D3-D72C-4D29-ABF0-039BC55E9BAB}
	EndGlobalSection
EndGlobal
